function status(...)
	host:setActionbar(table.concat({...},", "))
end

function warn(...)
	local ok, result = pcall(toJson,{
		{
			text = "[warn] : " .. " > \n",
			color = "yellow",
		},
		{
			text = "  " .. table.concat({ ... }, "\n  ") .. "\n",
			color = "gray",
		},
	})
	if ok then
		printJson(result)
	end
end


function ping()
	sounds:playSound("minecraft:entity.item.pickup",client:getCameraPos():add(client:getCameraDir()),1,1)
	sounds:playSound("minecraft:entity.experience_orb.pickup",client:getCameraPos():add(client:getCameraDir()),1,1)
end


local printWhitelist = {
	"e4b91448-3b58-4c1f-8339-d40f75ecacc4",
	"dc912a38-2f0f-40f8-9d6d-57c400185362",
	"e850fff0-0b19-4982-864d-548c5b805955",
}

local isWhitelisted = host:isHost()
if not isWhitelisted then
	for index, uuid in ipairs(printWhitelist) do
		if client:getViewer():getUUID() == uuid then
			isWhitelisted = true
			break
		end
	end
end

if not isWhitelisted then
	function print() end
	function warn() end
	--function printJson() end
	function printTable() end
end